
Microsoft Visual Studio Solution File, Format Version 12.00
# Visual Studio Version 17
VisualStudioVersion = 17.9.34622.214
MinimumVisualStudioVersion = 10.0.40219.1
Project("{FAE04EC0-301F-11D3-BF4B-00C04F79EFBC}") = "Anime", "Anime\Anime.csproj", "{F45C4582-D37A-45EA-BBE7-75A19C157818}"
EndProject
Global
	GlobalSection(SolutionConfigurationPlatforms) = preSolution
		Debug|Any CPU = Debug|Any CPU
		Release|Any CPU = Release|Any CPU
	EndGlobalSection
	GlobalSection(ProjectConfigurationPlatforms) = postSolution
		{F45C4582-D37A-45EA-BBE7-75A19C157818}.Debug|Any CPU.ActiveCfg = Debug|Any CPU
		{F45C4582-D37A-45EA-BBE7-75A19C157818}.Debug|Any CPU.Build.0 = Debug|Any CPU
		{F45C4582-D37A-45EA-BBE7-75A19C157818}.Release|Any CPU.ActiveCfg = Release|Any CPU
		{F45C4582-D37A-45EA-BBE7-75A19C157818}.Release|Any CPU.Build.0 = Release|Any CPU
	EndGlobalSection
	GlobalSection(SolutionProperties) = preSolution
		HideSolutionNode = FALSE
	EndGlobalSection
	GlobalSection(ExtensibilityGlobals) = postSolution
		SolutionGuid = {475D34BB-0ED3-4B4E-8195-6FE232E18DE3}
	EndGlobalSection
EndGlobal
